
Microsoft Visual Studio Solution File, Format Version 12.00
# Visual Studio Version 16
VisualStudioVersion = 16.0.31410.357
MinimumVisualStudioVersion = 10.0.40219.1
Project("{9A19103F-16F7-4668-BE54-9A1E7A4F7556}") = "Product.Service.Main", "Product.Service.Main\Product.Service.Main.csproj", "{BD7B359C-9BE1-4367-938A-DCE36AB1CBA4}"
EndProject
Project("{9A19103F-16F7-4668-BE54-9A1E7A4F7556}") = "Product.Service.Application", "Product.Service.Application\Product.Service.Application.csproj", "{F5F7BCEF-35C4-4AEE-A0C6-7A6D5E54E57A}"
EndProject
Project("{9A19103F-16F7-4668-BE54-9A1E7A4F7556}") = "Product.Service.Domain", "Product.Service.Domain\Product.Service.Domain.csproj", "{6F892445-C591-4F0D-A597-47FF47BA38B5}"
EndProject
Project("{2150E333-8FDC-42A3-9474-1A3956D46DE8}") = "Tests", "Tests", "{01BAFD30-45E4-4349-84B8-CD558C36E33A}"
EndProject
Project("{FAE04EC0-301F-11D3-BF4B-00C04F79EFBC}") = "Product.Service.UnitTests", "Product.Service.UnitTests\Product.Service.UnitTests.csproj", "{87A1704F-EDBA-49FD-A213-897A51484BF2}"
EndProject
Global
	GlobalSection(SolutionConfigurationPlatforms) = preSolution
		Debug|Any CPU = Debug|Any CPU
		Release|Any CPU = Release|Any CPU
	EndGlobalSection
	GlobalSection(ProjectConfigurationPlatforms) = postSolution
		{BD7B359C-9BE1-4367-938A-DCE36AB1CBA4}.Debug|Any CPU.ActiveCfg = Debug|Any CPU
		{BD7B359C-9BE1-4367-938A-DCE36AB1CBA4}.Debug|Any CPU.Build.0 = Debug|Any CPU
		{BD7B359C-9BE1-4367-938A-DCE36AB1CBA4}.Release|Any CPU.ActiveCfg = Release|Any CPU
		{BD7B359C-9BE1-4367-938A-DCE36AB1CBA4}.Release|Any CPU.Build.0 = Release|Any CPU
		{F5F7BCEF-35C4-4AEE-A0C6-7A6D5E54E57A}.Debug|Any CPU.ActiveCfg = Debug|Any CPU
		{F5F7BCEF-35C4-4AEE-A0C6-7A6D5E54E57A}.Debug|Any CPU.Build.0 = Debug|Any CPU
		{F5F7BCEF-35C4-4AEE-A0C6-7A6D5E54E57A}.Release|Any CPU.ActiveCfg = Release|Any CPU
		{F5F7BCEF-35C4-4AEE-A0C6-7A6D5E54E57A}.Release|Any CPU.Build.0 = Release|Any CPU
		{6F892445-C591-4F0D-A597-47FF47BA38B5}.Debug|Any CPU.ActiveCfg = Debug|Any CPU
		{6F892445-C591-4F0D-A597-47FF47BA38B5}.Debug|Any CPU.Build.0 = Debug|Any CPU
		{6F892445-C591-4F0D-A597-47FF47BA38B5}.Release|Any CPU.ActiveCfg = Release|Any CPU
		{6F892445-C591-4F0D-A597-47FF47BA38B5}.Release|Any CPU.Build.0 = Release|Any CPU
		{87A1704F-EDBA-49FD-A213-897A51484BF2}.Debug|Any CPU.ActiveCfg = Debug|Any CPU
		{87A1704F-EDBA-49FD-A213-897A51484BF2}.Debug|Any CPU.Build.0 = Debug|Any CPU
		{87A1704F-EDBA-49FD-A213-897A51484BF2}.Release|Any CPU.ActiveCfg = Release|Any CPU
		{87A1704F-EDBA-49FD-A213-897A51484BF2}.Release|Any CPU.Build.0 = Release|Any CPU
	EndGlobalSection
	GlobalSection(SolutionProperties) = preSolution
		HideSolutionNode = FALSE
	EndGlobalSection
	GlobalSection(NestedProjects) = preSolution
		{87A1704F-EDBA-49FD-A213-897A51484BF2} = {01BAFD30-45E4-4349-84B8-CD558C36E33A}
	EndGlobalSection
	GlobalSection(ExtensibilityGlobals) = postSolution
		SolutionGuid = {EC11566B-F455-4F6B-A2F9-F637A733382A}
	EndGlobalSection
EndGlobal
